
Microsoft Visual Studio Solution File, Format Version 12.00
# Visual Studio Version 16
VisualStudioVersion = 16.0.30413.136
MinimumVisualStudioVersion = 10.0.40219.1
Project("{9A19103F-16F7-4668-BE54-9A1E7A4F7556}") = "APCore", "APCore\APCore.csproj", "{25E59ADC-F8B4-43BF-986C-1229183A6F41}"
EndProject
Project("{9A19103F-16F7-4668-BE54-9A1E7A4F7556}") = "APWeather", "APWeather\APWeather.csproj", "{C699DE44-E7C4-4E69-A857-5FA55C77321B}"
EndProject
Project("{FAE04EC0-301F-11D3-BF4B-00C04F79EFBC}") = "ClientApp", "ClientApp\ClientApp.csproj", "{4EAE5E45-A386-4C7D-AAF5-3E216EBF099E}"
EndProject
Project("{FAE04EC0-301F-11D3-BF4B-00C04F79EFBC}") = "NEERJA", "NEERJA\NEERJA.csproj", "{B89A316C-2F24-4FB8-AC0F-71E8A04EE697}"
EndProject
Project("{FAE04EC0-301F-11D3-BF4B-00C04F79EFBC}") = "NEERJACore", "NEERJACore\NEERJACore.csproj", "{A3C2DEDD-45FB-4921-9689-1AE0BA3AF7A8}"
EndProject
Project("{FAE04EC0-301F-11D3-BF4B-00C04F79EFBC}") = "UIKarun", "UIKarun\UIKarun.csproj", "{B93ACE4F-6C00-4134-9484-B393B3EAF46F}"
EndProject
Project("{FAE04EC0-301F-11D3-BF4B-00C04F79EFBC}") = "GRH", "GRH\GRH.csproj", "{1F905FA2-8D78-4450-9EB3-4FEA33C02545}"
EndProject
Project("{FAE04EC0-301F-11D3-BF4B-00C04F79EFBC}") = "UIVaresh", "UIVaresh\UIVaresh.csproj", "{3A423F5F-BF0C-41BD-84B9-8E6502E68404}"
EndProject
Global
	GlobalSection(SolutionConfigurationPlatforms) = preSolution
		Debug|Any CPU = Debug|Any CPU
		Release|Any CPU = Release|Any CPU
	EndGlobalSection
	GlobalSection(ProjectConfigurationPlatforms) = postSolution
		{25E59ADC-F8B4-43BF-986C-1229183A6F41}.Debug|Any CPU.ActiveCfg = Debug|Any CPU
		{25E59ADC-F8B4-43BF-986C-1229183A6F41}.Debug|Any CPU.Build.0 = Debug|Any CPU
		{25E59ADC-F8B4-43BF-986C-1229183A6F41}.Release|Any CPU.ActiveCfg = Release|Any CPU
		{25E59ADC-F8B4-43BF-986C-1229183A6F41}.Release|Any CPU.Build.0 = Release|Any CPU
		{C699DE44-E7C4-4E69-A857-5FA55C77321B}.Debug|Any CPU.ActiveCfg = Debug|Any CPU
		{C699DE44-E7C4-4E69-A857-5FA55C77321B}.Debug|Any CPU.Build.0 = Debug|Any CPU
		{C699DE44-E7C4-4E69-A857-5FA55C77321B}.Release|Any CPU.ActiveCfg = Release|Any CPU
		{C699DE44-E7C4-4E69-A857-5FA55C77321B}.Release|Any CPU.Build.0 = Release|Any CPU
		{4EAE5E45-A386-4C7D-AAF5-3E216EBF099E}.Debug|Any CPU.ActiveCfg = Debug|Any CPU
		{4EAE5E45-A386-4C7D-AAF5-3E216EBF099E}.Debug|Any CPU.Build.0 = Debug|Any CPU
		{4EAE5E45-A386-4C7D-AAF5-3E216EBF099E}.Release|Any CPU.ActiveCfg = Release|Any CPU
		{4EAE5E45-A386-4C7D-AAF5-3E216EBF099E}.Release|Any CPU.Build.0 = Release|Any CPU
		{B89A316C-2F24-4FB8-AC0F-71E8A04EE697}.Debug|Any CPU.ActiveCfg = Debug|Any CPU
		{B89A316C-2F24-4FB8-AC0F-71E8A04EE697}.Debug|Any CPU.Build.0 = Debug|Any CPU
		{B89A316C-2F24-4FB8-AC0F-71E8A04EE697}.Release|Any CPU.ActiveCfg = Release|Any CPU
		{B89A316C-2F24-4FB8-AC0F-71E8A04EE697}.Release|Any CPU.Build.0 = Release|Any CPU
		{A3C2DEDD-45FB-4921-9689-1AE0BA3AF7A8}.Debug|Any CPU.ActiveCfg = Debug|Any CPU
		{A3C2DEDD-45FB-4921-9689-1AE0BA3AF7A8}.Debug|Any CPU.Build.0 = Debug|Any CPU
		{A3C2DEDD-45FB-4921-9689-1AE0BA3AF7A8}.Release|Any CPU.ActiveCfg = Release|Any CPU
		{A3C2DEDD-45FB-4921-9689-1AE0BA3AF7A8}.Release|Any CPU.Build.0 = Release|Any CPU
		{B93ACE4F-6C00-4134-9484-B393B3EAF46F}.Debug|Any CPU.ActiveCfg = Debug|Any CPU
		{B93ACE4F-6C00-4134-9484-B393B3EAF46F}.Debug|Any CPU.Build.0 = Debug|Any CPU
		{B93ACE4F-6C00-4134-9484-B393B3EAF46F}.Release|Any CPU.ActiveCfg = Release|Any CPU
		{B93ACE4F-6C00-4134-9484-B393B3EAF46F}.Release|Any CPU.Build.0 = Release|Any CPU
		{1F905FA2-8D78-4450-9EB3-4FEA33C02545}.Debug|Any CPU.ActiveCfg = Debug|Any CPU
		{1F905FA2-8D78-4450-9EB3-4FEA33C02545}.Debug|Any CPU.Build.0 = Debug|Any CPU
		{1F905FA2-8D78-4450-9EB3-4FEA33C02545}.Release|Any CPU.ActiveCfg = Release|Any CPU
		{1F905FA2-8D78-4450-9EB3-4FEA33C02545}.Release|Any CPU.Build.0 = Release|Any CPU
		{3A423F5F-BF0C-41BD-84B9-8E6502E68404}.Debug|Any CPU.ActiveCfg = Debug|Any CPU
		{3A423F5F-BF0C-41BD-84B9-8E6502E68404}.Debug|Any CPU.Build.0 = Debug|Any CPU
		{3A423F5F-BF0C-41BD-84B9-8E6502E68404}.Release|Any CPU.ActiveCfg = Release|Any CPU
		{3A423F5F-BF0C-41BD-84B9-8E6502E68404}.Release|Any CPU.Build.0 = Release|Any CPU
	EndGlobalSection
	GlobalSection(SolutionProperties) = preSolution
		HideSolutionNode = FALSE
	EndGlobalSection
	GlobalSection(ExtensibilityGlobals) = postSolution
		SolutionGuid = {DC88D09F-F2CC-4032-8F55-F692C18167FF}
	EndGlobalSection
EndGlobal
